
Microsoft Visual Studio Solution File, Format Version 12.00
# Visual Studio Version 17
VisualStudioVersion = 17.13.35806.99
MinimumVisualStudioVersion = 10.0.40219.1
Project("{FAE04EC0-301F-11D3-BF4B-00C04F79EFBC}") = "SchoolDomain", "SchoolDomain\SchoolDomain.csproj", "{A26954EF-4E73-44BD-9FA6-D5735B6FA580}"
EndProject
Project("{FAE04EC0-301F-11D3-BF4B-00C04F79EFBC}") = "SchoolInfrastructure", "SchoolInfrastructure\SchoolInfrastructure.csproj", "{52A42024-9A79-43CB-AAD8-BD23B5E42002}"
EndProject
Global
	GlobalSection(SolutionConfigurationPlatforms) = preSolution
		Debug|Any CPU = Debug|Any CPU
		Release|Any CPU = Release|Any CPU
	EndGlobalSection
	GlobalSection(ProjectConfigurationPlatforms) = postSolution
		{A26954EF-4E73-44BD-9FA6-D5735B6FA580}.Debug|Any CPU.ActiveCfg = Debug|Any CPU
		{A26954EF-4E73-44BD-9FA6-D5735B6FA580}.Debug|Any CPU.Build.0 = Debug|Any CPU
		{A26954EF-4E73-44BD-9FA6-D5735B6FA580}.Release|Any CPU.ActiveCfg = Release|Any CPU
		{A26954EF-4E73-44BD-9FA6-D5735B6FA580}.Release|Any CPU.Build.0 = Release|Any CPU
		{52A42024-9A79-43CB-AAD8-BD23B5E42002}.Debug|Any CPU.ActiveCfg = Debug|Any CPU
		{52A42024-9A79-43CB-AAD8-BD23B5E42002}.Debug|Any CPU.Build.0 = Debug|Any CPU
		{52A42024-9A79-43CB-AAD8-BD23B5E42002}.Release|Any CPU.ActiveCfg = Release|Any CPU
		{52A42024-9A79-43CB-AAD8-BD23B5E42002}.Release|Any CPU.Build.0 = Release|Any CPU
	EndGlobalSection
	GlobalSection(SolutionProperties) = preSolution
		HideSolutionNode = FALSE
	EndGlobalSection
	GlobalSection(ExtensibilityGlobals) = postSolution
		SolutionGuid = {CE150D03-FF4D-4F54-80A2-F556F721F70B}
	EndGlobalSection
EndGlobal
